
Microsoft Visual Studio Solution File, Format Version 12.00
# Visual Studio 2012
Project("{FAE04EC0-301F-11D3-BF4B-00C04F79EFBC}") = "CronoUtils", "CronoUtils\CronoUtils.csproj", "{CABEE748-28D8-4321-B24F-AF6E4C4BDDFC}"
EndProject
Project("{FAE04EC0-301F-11D3-BF4B-00C04F79EFBC}") = "CronoUtilsTest", "CronoUtilsTest\CronoUtilsTest.csproj", "{AFD4209E-7DEF-4C6D-9B90-372D4649923D}"
EndProject
Global
	GlobalSection(SolutionConfigurationPlatforms) = preSolution
		Debug|Any CPU = Debug|Any CPU
		Release|Any CPU = Release|Any CPU
	EndGlobalSection
	GlobalSection(ProjectConfigurationPlatforms) = postSolution
		{CABEE748-28D8-4321-B24F-AF6E4C4BDDFC}.Debug|Any CPU.ActiveCfg = Debug|Any CPU
		{CABEE748-28D8-4321-B24F-AF6E4C4BDDFC}.Debug|Any CPU.Build.0 = Debug|Any CPU
		{CABEE748-28D8-4321-B24F-AF6E4C4BDDFC}.Release|Any CPU.ActiveCfg = Release|Any CPU
		{CABEE748-28D8-4321-B24F-AF6E4C4BDDFC}.Release|Any CPU.Build.0 = Release|Any CPU
		{AFD4209E-7DEF-4C6D-9B90-372D4649923D}.Debug|Any CPU.ActiveCfg = Debug|Any CPU
		{AFD4209E-7DEF-4C6D-9B90-372D4649923D}.Debug|Any CPU.Build.0 = Debug|Any CPU
		{AFD4209E-7DEF-4C6D-9B90-372D4649923D}.Release|Any CPU.ActiveCfg = Release|Any CPU
		{AFD4209E-7DEF-4C6D-9B90-372D4649923D}.Release|Any CPU.Build.0 = Release|Any CPU
	EndGlobalSection
	GlobalSection(SolutionProperties) = preSolution
		HideSolutionNode = FALSE
	EndGlobalSection
EndGlobal
